
Microsoft Visual Studio Solution File, Format Version 12.00
# Visual Studio Version 17
VisualStudioVersion = 17.14.36310.24
MinimumVisualStudioVersion = 10.0.40219.1
Project("{FAE04EC0-301F-11D3-BF4B-00C04F79EFBC}") = "SamsApi", "SamsApi.csproj", "{9D9F4AEE-B80F-4CD1-BBC4-BFEBA00F9B50}"
EndProject
Project("{FAE04EC0-301F-11D3-BF4B-00C04F79EFBC}") = "SamsApi.UnitTests", "..\SamsApi.UnitTests\SamsApi.UnitTests.csproj", "{E0CEA3E1-3877-4C83-B9C2-FE0A346D2A4B}"
EndProject
Project("{FAE04EC0-301F-11D3-BF4B-00C04F79EFBC}") = "SamsApi.IntegrationTests", "..\SamsApi.IntegrationTests\SamsApi.IntegrationTests.csproj", "{4EA5F5A3-8532-4D2C-8DB3-F3F366BD7F72}"
EndProject
Global
	GlobalSection(SolutionConfigurationPlatforms) = preSolution
		Debug|Any CPU = Debug|Any CPU
		Release|Any CPU = Release|Any CPU
	EndGlobalSection
	GlobalSection(ProjectConfigurationPlatforms) = postSolution
		{9D9F4AEE-B80F-4CD1-BBC4-BFEBA00F9B50}.Debug|Any CPU.ActiveCfg = Debug|Any CPU
		{9D9F4AEE-B80F-4CD1-BBC4-BFEBA00F9B50}.Debug|Any CPU.Build.0 = Debug|Any CPU
		{9D9F4AEE-B80F-4CD1-BBC4-BFEBA00F9B50}.Release|Any CPU.ActiveCfg = Release|Any CPU
		{9D9F4AEE-B80F-4CD1-BBC4-BFEBA00F9B50}.Release|Any CPU.Build.0 = Release|Any CPU
		{E0CEA3E1-3877-4C83-B9C2-FE0A346D2A4B}.Debug|Any CPU.ActiveCfg = Debug|Any CPU
		{E0CEA3E1-3877-4C83-B9C2-FE0A346D2A4B}.Debug|Any CPU.Build.0 = Debug|Any CPU
		{E0CEA3E1-3877-4C83-B9C2-FE0A346D2A4B}.Release|Any CPU.ActiveCfg = Release|Any CPU
		{E0CEA3E1-3877-4C83-B9C2-FE0A346D2A4B}.Release|Any CPU.Build.0 = Release|Any CPU
		{4EA5F5A3-8532-4D2C-8DB3-F3F366BD7F72}.Debug|Any CPU.ActiveCfg = Debug|Any CPU
		{4EA5F5A3-8532-4D2C-8DB3-F3F366BD7F72}.Debug|Any CPU.Build.0 = Debug|Any CPU
		{4EA5F5A3-8532-4D2C-8DB3-F3F366BD7F72}.Release|Any CPU.ActiveCfg = Release|Any CPU
		{4EA5F5A3-8532-4D2C-8DB3-F3F366BD7F72}.Release|Any CPU.Build.0 = Release|Any CPU
	EndGlobalSection
	GlobalSection(SolutionProperties) = preSolution
		HideSolutionNode = FALSE
	EndGlobalSection
	GlobalSection(ExtensibilityGlobals) = postSolution
		SolutionGuid = {BBA0E493-AD61-420B-9C94-99218BD2248D}
	EndGlobalSection
EndGlobal
